
Microsoft Visual Studio Solution File, Format Version 12.00
# Visual Studio 15
VisualStudioVersion = 15.0.27004.2009
MinimumVisualStudioVersion = 10.0.40219.1
Project("{FAE04EC0-301F-11D3-BF4B-00C04F79EFBC}") = "Calculator", "Calculator\Calculator.csproj", "{02B1A2DF-2DCA-4D36-B954-30A49B13B5FA}"
EndProject
Project("{FAE04EC0-301F-11D3-BF4B-00C04F79EFBC}") = "ConsoleApp1", "..\CalculatorTest\ConsoleApp1\ConsoleApp1.csproj", "{41BAB4C7-D8E1-4F52-AB50-675FCC005A4F}"
EndProject
Project("{2150E333-8FDC-42A3-9474-1A3956D46DE8}") = "1", "1", "{FD239DBC-A596-47FD-8673-923FAC542D10}"
EndProject
Project("{2150E333-8FDC-42A3-9474-1A3956D46DE8}") = "2", "2", "{E5CF6345-0588-4FFE-924E-A467B699610C}"
EndProject
Project("{FAE04EC0-301F-11D3-BF4B-00C04F79EFBC}") = "CalculatorUnitTest", "CalculatorUnitTest\CalculatorUnitTest.csproj", "{EE7E2D99-478B-4782-AA6B-5BEFD566D925}"
EndProject
Project("{2150E333-8FDC-42A3-9474-1A3956D46DE8}") = "3", "3", "{85F6EA82-BD7C-4C15-9F84-AEAA903F5FC5}"
EndProject
Project("{FAE04EC0-301F-11D3-BF4B-00C04F79EFBC}") = "Calculator2", "Calculator2\Calculator2.csproj", "{2B17D6D4-0AED-4C15-B2C5-EA52DA68CE9A}"
EndProject
Project("{FAE04EC0-301F-11D3-BF4B-00C04F79EFBC}") = "calculatorUnitTest3", "calculatorUnitTest3\calculatorUnitTest3.csproj", "{F3B6F041-4B22-44F0-8F81-99E5D892A1F3}"
EndProject
Project("{2150E333-8FDC-42A3-9474-1A3956D46DE8}") = "4", "4", "{50B317D8-982E-4FD4-B498-1A9B62804D49}"
EndProject
Project("{FAE04EC0-301F-11D3-BF4B-00C04F79EFBC}") = "Calculator3", "Calculator3\Calculator3.csproj", "{34964BAA-01E8-487A-8BC4-98D98BB99D08}"
EndProject
Project("{FAE04EC0-301F-11D3-BF4B-00C04F79EFBC}") = "UnitTestProject4", "UnitTestProject4\UnitTestProject4.csproj", "{FECD6728-6915-4A47-899E-E14DEA8079BE}"
EndProject
Project("{2150E333-8FDC-42A3-9474-1A3956D46DE8}") = "5", "5", "{D4118334-4F5E-46DE-BF33-6BC7CF76FF58}"
EndProject
Project("{FAE04EC0-301F-11D3-BF4B-00C04F79EFBC}") = "UnitTestProject5", "UnitTestProject1\UnitTestProject5.csproj", "{A57AF92E-0B72-40D7-880E-4F282FDD602F}"
EndProject
Project("{FAE04EC0-301F-11D3-BF4B-00C04F79EFBC}") = "Calculator5", "Calculator5\Calculator5.csproj", "{92921C29-D52D-463A-BF48-9BC59007A129}"
EndProject
Project("{2150E333-8FDC-42A3-9474-1A3956D46DE8}") = "6", "6", "{CA8D6942-095D-4C84-AC72-6D2F49FA429A}"
EndProject
Project("{FAE04EC0-301F-11D3-BF4B-00C04F79EFBC}") = "Calculator6", "Calculator6\Calculator6.csproj", "{A4D2B9CD-CECA-408D-B56D-1AE6CD5D9AAA}"
EndProject
Project("{FAE04EC0-301F-11D3-BF4B-00C04F79EFBC}") = "UnitTestProject6", "UnitTestProject6\UnitTestProject6.csproj", "{CFF6BFE1-128A-4A0B-A338-2049F0ADF1B4}"
EndProject
Global
	GlobalSection(SolutionConfigurationPlatforms) = preSolution
		Debug|Any CPU = Debug|Any CPU
		Debug|ARM = Debug|ARM
		Debug|x64 = Debug|x64
		Debug|x86 = Debug|x86
		Release|Any CPU = Release|Any CPU
		Release|ARM = Release|ARM
		Release|x64 = Release|x64
		Release|x86 = Release|x86
	EndGlobalSection
	GlobalSection(ProjectConfigurationPlatforms) = postSolution
		{02B1A2DF-2DCA-4D36-B954-30A49B13B5FA}.Debug|Any CPU.ActiveCfg = Debug|Any CPU
		{02B1A2DF-2DCA-4D36-B954-30A49B13B5FA}.Debug|Any CPU.Build.0 = Debug|Any CPU
		{02B1A2DF-2DCA-4D36-B954-30A49B13B5FA}.Debug|ARM.ActiveCfg = Debug|Any CPU
		{02B1A2DF-2DCA-4D36-B954-30A49B13B5FA}.Debug|ARM.Build.0 = Debug|Any CPU
		{02B1A2DF-2DCA-4D36-B954-30A49B13B5FA}.Debug|x64.ActiveCfg = Debug|Any CPU
		{02B1A2DF-2DCA-4D36-B954-30A49B13B5FA}.Debug|x64.Build.0 = Debug|Any CPU
		{02B1A2DF-2DCA-4D36-B954-30A49B13B5FA}.Debug|x86.ActiveCfg = Debug|Any CPU
		{02B1A2DF-2DCA-4D36-B954-30A49B13B5FA}.Debug|x86.Build.0 = Debug|Any CPU
		{02B1A2DF-2DCA-4D36-B954-30A49B13B5FA}.Release|Any CPU.ActiveCfg = Release|Any CPU
		{02B1A2DF-2DCA-4D36-B954-30A49B13B5FA}.Release|Any CPU.Build.0 = Release|Any CPU
		{02B1A2DF-2DCA-4D36-B954-30A49B13B5FA}.Release|ARM.ActiveCfg = Release|Any CPU
		{02B1A2DF-2DCA-4D36-B954-30A49B13B5FA}.Release|ARM.Build.0 = Release|Any CPU
		{02B1A2DF-2DCA-4D36-B954-30A49B13B5FA}.Release|x64.ActiveCfg = Release|Any CPU
		{02B1A2DF-2DCA-4D36-B954-30A49B13B5FA}.Release|x64.Build.0 = Release|Any CPU
		{02B1A2DF-2DCA-4D36-B954-30A49B13B5FA}.Release|x86.ActiveCfg = Release|Any CPU
		{02B1A2DF-2DCA-4D36-B954-30A49B13B5FA}.Release|x86.Build.0 = Release|Any CPU
		{41BAB4C7-D8E1-4F52-AB50-675FCC005A4F}.Debug|Any CPU.ActiveCfg = Debug|Any CPU
		{41BAB4C7-D8E1-4F52-AB50-675FCC005A4F}.Debug|Any CPU.Build.0 = Debug|Any CPU
		{41BAB4C7-D8E1-4F52-AB50-675FCC005A4F}.Debug|ARM.ActiveCfg = Debug|Any CPU
		{41BAB4C7-D8E1-4F52-AB50-675FCC005A4F}.Debug|ARM.Build.0 = Debug|Any CPU
		{41BAB4C7-D8E1-4F52-AB50-675FCC005A4F}.Debug|x64.ActiveCfg = Debug|Any CPU
		{41BAB4C7-D8E1-4F52-AB50-675FCC005A4F}.Debug|x64.Build.0 = Debug|Any CPU
		{41BAB4C7-D8E1-4F52-AB50-675FCC005A4F}.Debug|x86.ActiveCfg = Debug|Any CPU
		{41BAB4C7-D8E1-4F52-AB50-675FCC005A4F}.Debug|x86.Build.0 = Debug|Any CPU
		{41BAB4C7-D8E1-4F52-AB50-675FCC005A4F}.Release|Any CPU.ActiveCfg = Release|Any CPU
		{41BAB4C7-D8E1-4F52-AB50-675FCC005A4F}.Release|Any CPU.Build.0 = Release|Any CPU
		{41BAB4C7-D8E1-4F52-AB50-675FCC005A4F}.Release|ARM.ActiveCfg = Release|Any CPU
		{41BAB4C7-D8E1-4F52-AB50-675FCC005A4F}.Release|ARM.Build.0 = Release|Any CPU
		{41BAB4C7-D8E1-4F52-AB50-675FCC005A4F}.Release|x64.ActiveCfg = Release|Any CPU
		{41BAB4C7-D8E1-4F52-AB50-675FCC005A4F}.Release|x64.Build.0 = Release|Any CPU
		{41BAB4C7-D8E1-4F52-AB50-675FCC005A4F}.Release|x86.ActiveCfg = Release|Any CPU
		{41BAB4C7-D8E1-4F52-AB50-675FCC005A4F}.Release|x86.Build.0 = Release|Any CPU
		{EE7E2D99-478B-4782-AA6B-5BEFD566D925}.Debug|Any CPU.ActiveCfg = Debug|Any CPU
		{EE7E2D99-478B-4782-AA6B-5BEFD566D925}.Debug|Any CPU.Build.0 = Debug|Any CPU
		{EE7E2D99-478B-4782-AA6B-5BEFD566D925}.Debug|ARM.ActiveCfg = Debug|Any CPU
		{EE7E2D99-478B-4782-AA6B-5BEFD566D925}.Debug|ARM.Build.0 = Debug|Any CPU
		{EE7E2D99-478B-4782-AA6B-5BEFD566D925}.Debug|x64.ActiveCfg = Debug|Any CPU
		{EE7E2D99-478B-4782-AA6B-5BEFD566D925}.Debug|x64.Build.0 = Debug|Any CPU
		{EE7E2D99-478B-4782-AA6B-5BEFD566D925}.Debug|x86.ActiveCfg = Debug|Any CPU
		{EE7E2D99-478B-4782-AA6B-5BEFD566D925}.Debug|x86.Build.0 = Debug|Any CPU
		{EE7E2D99-478B-4782-AA6B-5BEFD566D925}.Release|Any CPU.ActiveCfg = Release|Any CPU
		{EE7E2D99-478B-4782-AA6B-5BEFD566D925}.Release|Any CPU.Build.0 = Release|Any CPU
		{EE7E2D99-478B-4782-AA6B-5BEFD566D925}.Release|ARM.ActiveCfg = Release|Any CPU
		{EE7E2D99-478B-4782-AA6B-5BEFD566D925}.Release|ARM.Build.0 = Release|Any CPU
		{EE7E2D99-478B-4782-AA6B-5BEFD566D925}.Release|x64.ActiveCfg = Release|Any CPU
		{EE7E2D99-478B-4782-AA6B-5BEFD566D925}.Release|x64.Build.0 = Release|Any CPU
		{EE7E2D99-478B-4782-AA6B-5BEFD566D925}.Release|x86.ActiveCfg = Release|Any CPU
		{EE7E2D99-478B-4782-AA6B-5BEFD566D925}.Release|x86.Build.0 = Release|Any CPU
		{2B17D6D4-0AED-4C15-B2C5-EA52DA68CE9A}.Debug|Any CPU.ActiveCfg = Debug|Any CPU
		{2B17D6D4-0AED-4C15-B2C5-EA52DA68CE9A}.Debug|Any CPU.Build.0 = Debug|Any CPU
		{2B17D6D4-0AED-4C15-B2C5-EA52DA68CE9A}.Debug|ARM.ActiveCfg = Debug|Any CPU
		{2B17D6D4-0AED-4C15-B2C5-EA52DA68CE9A}.Debug|ARM.Build.0 = Debug|Any CPU
		{2B17D6D4-0AED-4C15-B2C5-EA52DA68CE9A}.Debug|x64.ActiveCfg = Debug|Any CPU
		{2B17D6D4-0AED-4C15-B2C5-EA52DA68CE9A}.Debug|x64.Build.0 = Debug|Any CPU
		{2B17D6D4-0AED-4C15-B2C5-EA52DA68CE9A}.Debug|x86.ActiveCfg = Debug|Any CPU
		{2B17D6D4-0AED-4C15-B2C5-EA52DA68CE9A}.Debug|x86.Build.0 = Debug|Any CPU
		{2B17D6D4-0AED-4C15-B2C5-EA52DA68CE9A}.Release|Any CPU.ActiveCfg = Release|Any CPU
		{2B17D6D4-0AED-4C15-B2C5-EA52DA68CE9A}.Release|Any CPU.Build.0 = Release|Any CPU
		{2B17D6D4-0AED-4C15-B2C5-EA52DA68CE9A}.Release|ARM.ActiveCfg = Release|Any CPU
		{2B17D6D4-0AED-4C15-B2C5-EA52DA68CE9A}.Release|ARM.Build.0 = Release|Any CPU
		{2B17D6D4-0AED-4C15-B2C5-EA52DA68CE9A}.Release|x64.ActiveCfg = Release|Any CPU
		{2B17D6D4-0AED-4C15-B2C5-EA52DA68CE9A}.Release|x64.Build.0 = Release|Any CPU
		{2B17D6D4-0AED-4C15-B2C5-EA52DA68CE9A}.Release|x86.ActiveCfg = Release|Any CPU
		{2B17D6D4-0AED-4C15-B2C5-EA52DA68CE9A}.Release|x86.Build.0 = Release|Any CPU
		{F3B6F041-4B22-44F0-8F81-99E5D892A1F3}.Debug|Any CPU.ActiveCfg = Debug|Any CPU
		{F3B6F041-4B22-44F0-8F81-99E5D892A1F3}.Debug|Any CPU.Build.0 = Debug|Any CPU
		{F3B6F041-4B22-44F0-8F81-99E5D892A1F3}.Debug|ARM.ActiveCfg = Debug|Any CPU
		{F3B6F041-4B22-44F0-8F81-99E5D892A1F3}.Debug|ARM.Build.0 = Debug|Any CPU
		{F3B6F041-4B22-44F0-8F81-99E5D892A1F3}.Debug|x64.ActiveCfg = Debug|Any CPU
		{F3B6F041-4B22-44F0-8F81-99E5D892A1F3}.Debug|x64.Build.0 = Debug|Any CPU
		{F3B6F041-4B22-44F0-8F81-99E5D892A1F3}.Debug|x86.ActiveCfg = Debug|Any CPU
		{F3B6F041-4B22-44F0-8F81-99E5D892A1F3}.Debug|x86.Build.0 = Debug|Any CPU
		{F3B6F041-4B22-44F0-8F81-99E5D892A1F3}.Release|Any CPU.ActiveCfg = Release|Any CPU
		{F3B6F041-4B22-44F0-8F81-99E5D892A1F3}.Release|Any CPU.Build.0 = Release|Any CPU
		{F3B6F041-4B22-44F0-8F81-99E5D892A1F3}.Release|ARM.ActiveCfg = Release|Any CPU
		{F3B6F041-4B22-44F0-8F81-99E5D892A1F3}.Release|ARM.Build.0 = Release|Any CPU
		{F3B6F041-4B22-44F0-8F81-99E5D892A1F3}.Release|x64.ActiveCfg = Release|Any CPU
		{F3B6F041-4B22-44F0-8F81-99E5D892A1F3}.Release|x64.Build.0 = Release|Any CPU
		{F3B6F041-4B22-44F0-8F81-99E5D892A1F3}.Release|x86.ActiveCfg = Release|Any CPU
		{F3B6F041-4B22-44F0-8F81-99E5D892A1F3}.Release|x86.Build.0 = Release|Any CPU
		{34964BAA-01E8-487A-8BC4-98D98BB99D08}.Debug|Any CPU.ActiveCfg = Debug|Any CPU
		{34964BAA-01E8-487A-8BC4-98D98BB99D08}.Debug|Any CPU.Build.0 = Debug|Any CPU
		{34964BAA-01E8-487A-8BC4-98D98BB99D08}.Debug|ARM.ActiveCfg = Debug|Any CPU
		{34964BAA-01E8-487A-8BC4-98D98BB99D08}.Debug|ARM.Build.0 = Debug|Any CPU
		{34964BAA-01E8-487A-8BC4-98D98BB99D08}.Debug|x64.ActiveCfg = Debug|Any CPU
		{34964BAA-01E8-487A-8BC4-98D98BB99D08}.Debug|x64.Build.0 = Debug|Any CPU
		{34964BAA-01E8-487A-8BC4-98D98BB99D08}.Debug|x86.ActiveCfg = Debug|Any CPU
		{34964BAA-01E8-487A-8BC4-98D98BB99D08}.Debug|x86.Build.0 = Debug|Any CPU
		{34964BAA-01E8-487A-8BC4-98D98BB99D08}.Release|Any CPU.ActiveCfg = Release|Any CPU
		{34964BAA-01E8-487A-8BC4-98D98BB99D08}.Release|Any CPU.Build.0 = Release|Any CPU
		{34964BAA-01E8-487A-8BC4-98D98BB99D08}.Release|ARM.ActiveCfg = Release|Any CPU
		{34964BAA-01E8-487A-8BC4-98D98BB99D08}.Release|ARM.Build.0 = Release|Any CPU
		{34964BAA-01E8-487A-8BC4-98D98BB99D08}.Release|x64.ActiveCfg = Release|Any CPU
		{34964BAA-01E8-487A-8BC4-98D98BB99D08}.Release|x64.Build.0 = Release|Any CPU
		{34964BAA-01E8-487A-8BC4-98D98BB99D08}.Release|x86.ActiveCfg = Release|Any CPU
		{34964BAA-01E8-487A-8BC4-98D98BB99D08}.Release|x86.Build.0 = Release|Any CPU
		{FECD6728-6915-4A47-899E-E14DEA8079BE}.Debug|Any CPU.ActiveCfg = Debug|Any CPU
		{FECD6728-6915-4A47-899E-E14DEA8079BE}.Debug|Any CPU.Build.0 = Debug|Any CPU
		{FECD6728-6915-4A47-899E-E14DEA8079BE}.Debug|ARM.ActiveCfg = Debug|Any CPU
		{FECD6728-6915-4A47-899E-E14DEA8079BE}.Debug|ARM.Build.0 = Debug|Any CPU
		{FECD6728-6915-4A47-899E-E14DEA8079BE}.Debug|x64.ActiveCfg = Debug|Any CPU
		{FECD6728-6915-4A47-899E-E14DEA8079BE}.Debug|x64.Build.0 = Debug|Any CPU
		{FECD6728-6915-4A47-899E-E14DEA8079BE}.Debug|x86.ActiveCfg = Debug|Any CPU
		{FECD6728-6915-4A47-899E-E14DEA8079BE}.Debug|x86.Build.0 = Debug|Any CPU
		{FECD6728-6915-4A47-899E-E14DEA8079BE}.Release|Any CPU.ActiveCfg = Release|Any CPU
		{FECD6728-6915-4A47-899E-E14DEA8079BE}.Release|Any CPU.Build.0 = Release|Any CPU
		{FECD6728-6915-4A47-899E-E14DEA8079BE}.Release|ARM.ActiveCfg = Release|Any CPU
		{FECD6728-6915-4A47-899E-E14DEA8079BE}.Release|ARM.Build.0 = Release|Any CPU
		{FECD6728-6915-4A47-899E-E14DEA8079BE}.Release|x64.ActiveCfg = Release|Any CPU
		{FECD6728-6915-4A47-899E-E14DEA8079BE}.Release|x64.Build.0 = Release|Any CPU
		{FECD6728-6915-4A47-899E-E14DEA8079BE}.Release|x86.ActiveCfg = Release|Any CPU
		{FECD6728-6915-4A47-899E-E14DEA8079BE}.Release|x86.Build.0 = Release|Any CPU
		{A57AF92E-0B72-40D7-880E-4F282FDD602F}.Debug|Any CPU.ActiveCfg = Debug|Any CPU
		{A57AF92E-0B72-40D7-880E-4F282FDD602F}.Debug|Any CPU.Build.0 = Debug|Any CPU
		{A57AF92E-0B72-40D7-880E-4F282FDD602F}.Debug|ARM.ActiveCfg = Debug|Any CPU
		{A57AF92E-0B72-40D7-880E-4F282FDD602F}.Debug|ARM.Build.0 = Debug|Any CPU
		{A57AF92E-0B72-40D7-880E-4F282FDD602F}.Debug|x64.ActiveCfg = Debug|Any CPU
		{A57AF92E-0B72-40D7-880E-4F282FDD602F}.Debug|x64.Build.0 = Debug|Any CPU
		{A57AF92E-0B72-40D7-880E-4F282FDD602F}.Debug|x86.ActiveCfg = Debug|Any CPU
		{A57AF92E-0B72-40D7-880E-4F282FDD602F}.Debug|x86.Build.0 = Debug|Any CPU
		{A57AF92E-0B72-40D7-880E-4F282FDD602F}.Release|Any CPU.ActiveCfg = Release|Any CPU
		{A57AF92E-0B72-40D7-880E-4F282FDD602F}.Release|Any CPU.Build.0 = Release|Any CPU
		{A57AF92E-0B72-40D7-880E-4F282FDD602F}.Release|ARM.ActiveCfg = Release|Any CPU
		{A57AF92E-0B72-40D7-880E-4F282FDD602F}.Release|ARM.Build.0 = Release|Any CPU
		{A57AF92E-0B72-40D7-880E-4F282FDD602F}.Release|x64.ActiveCfg = Release|Any CPU
		{A57AF92E-0B72-40D7-880E-4F282FDD602F}.Release|x64.Build.0 = Release|Any CPU
		{A57AF92E-0B72-40D7-880E-4F282FDD602F}.Release|x86.ActiveCfg = Release|Any CPU
		{A57AF92E-0B72-40D7-880E-4F282FDD602F}.Release|x86.Build.0 = Release|Any CPU
		{92921C29-D52D-463A-BF48-9BC59007A129}.Debug|Any CPU.ActiveCfg = Debug|Any CPU
		{92921C29-D52D-463A-BF48-9BC59007A129}.Debug|Any CPU.Build.0 = Debug|Any CPU
		{92921C29-D52D-463A-BF48-9BC59007A129}.Debug|ARM.ActiveCfg = Debug|Any CPU
		{92921C29-D52D-463A-BF48-9BC59007A129}.Debug|ARM.Build.0 = Debug|Any CPU
		{92921C29-D52D-463A-BF48-9BC59007A129}.Debug|x64.ActiveCfg = Debug|Any CPU
		{92921C29-D52D-463A-BF48-9BC59007A129}.Debug|x64.Build.0 = Debug|Any CPU
		{92921C29-D52D-463A-BF48-9BC59007A129}.Debug|x86.ActiveCfg = Debug|Any CPU
		{92921C29-D52D-463A-BF48-9BC59007A129}.Debug|x86.Build.0 = Debug|Any CPU
		{92921C29-D52D-463A-BF48-9BC59007A129}.Release|Any CPU.ActiveCfg = Release|Any CPU
		{92921C29-D52D-463A-BF48-9BC59007A129}.Release|Any CPU.Build.0 = Release|Any CPU
		{92921C29-D52D-463A-BF48-9BC59007A129}.Release|ARM.ActiveCfg = Release|Any CPU
		{92921C29-D52D-463A-BF48-9BC59007A129}.Release|ARM.Build.0 = Release|Any CPU
		{92921C29-D52D-463A-BF48-9BC59007A129}.Release|x64.ActiveCfg = Release|Any CPU
		{92921C29-D52D-463A-BF48-9BC59007A129}.Release|x64.Build.0 = Release|Any CPU
		{92921C29-D52D-463A-BF48-9BC59007A129}.Release|x86.ActiveCfg = Release|Any CPU
		{92921C29-D52D-463A-BF48-9BC59007A129}.Release|x86.Build.0 = Release|Any CPU
		{A4D2B9CD-CECA-408D-B56D-1AE6CD5D9AAA}.Debug|Any CPU.ActiveCfg = Debug|Any CPU
		{A4D2B9CD-CECA-408D-B56D-1AE6CD5D9AAA}.Debug|Any CPU.Build.0 = Debug|Any CPU
		{A4D2B9CD-CECA-408D-B56D-1AE6CD5D9AAA}.Debug|ARM.ActiveCfg = Debug|Any CPU
		{A4D2B9CD-CECA-408D-B56D-1AE6CD5D9AAA}.Debug|ARM.Build.0 = Debug|Any CPU
		{A4D2B9CD-CECA-408D-B56D-1AE6CD5D9AAA}.Debug|x64.ActiveCfg = Debug|Any CPU
		{A4D2B9CD-CECA-408D-B56D-1AE6CD5D9AAA}.Debug|x64.Build.0 = Debug|Any CPU
		{A4D2B9CD-CECA-408D-B56D-1AE6CD5D9AAA}.Debug|x86.ActiveCfg = Debug|Any CPU
		{A4D2B9CD-CECA-408D-B56D-1AE6CD5D9AAA}.Debug|x86.Build.0 = Debug|Any CPU
		{A4D2B9CD-CECA-408D-B56D-1AE6CD5D9AAA}.Release|Any CPU.ActiveCfg = Release|Any CPU
		{A4D2B9CD-CECA-408D-B56D-1AE6CD5D9AAA}.Release|Any CPU.Build.0 = Release|Any CPU
		{A4D2B9CD-CECA-408D-B56D-1AE6CD5D9AAA}.Release|ARM.ActiveCfg = Release|Any CPU
		{A4D2B9CD-CECA-408D-B56D-1AE6CD5D9AAA}.Release|ARM.Build.0 = Release|Any CPU
		{A4D2B9CD-CECA-408D-B56D-1AE6CD5D9AAA}.Release|x64.ActiveCfg = Release|Any CPU
		{A4D2B9CD-CECA-408D-B56D-1AE6CD5D9AAA}.Release|x64.Build.0 = Release|Any CPU
		{A4D2B9CD-CECA-408D-B56D-1AE6CD5D9AAA}.Release|x86.ActiveCfg = Release|Any CPU
		{A4D2B9CD-CECA-408D-B56D-1AE6CD5D9AAA}.Release|x86.Build.0 = Release|Any CPU
		{CFF6BFE1-128A-4A0B-A338-2049F0ADF1B4}.Debug|Any CPU.ActiveCfg = Debug|Any CPU
		{CFF6BFE1-128A-4A0B-A338-2049F0ADF1B4}.Debug|Any CPU.Build.0 = Debug|Any CPU
		{CFF6BFE1-128A-4A0B-A338-2049F0ADF1B4}.Debug|ARM.ActiveCfg = Debug|Any CPU
		{CFF6BFE1-128A-4A0B-A338-2049F0ADF1B4}.Debug|ARM.Build.0 = Debug|Any CPU
		{CFF6BFE1-128A-4A0B-A338-2049F0ADF1B4}.Debug|x64.ActiveCfg = Debug|Any CPU
		{CFF6BFE1-128A-4A0B-A338-2049F0ADF1B4}.Debug|x64.Build.0 = Debug|Any CPU
		{CFF6BFE1-128A-4A0B-A338-2049F0ADF1B4}.Debug|x86.ActiveCfg = Debug|Any CPU
		{CFF6BFE1-128A-4A0B-A338-2049F0ADF1B4}.Debug|x86.Build.0 = Debug|Any CPU
		{CFF6BFE1-128A-4A0B-A338-2049F0ADF1B4}.Release|Any CPU.ActiveCfg = Release|Any CPU
		{CFF6BFE1-128A-4A0B-A338-2049F0ADF1B4}.Release|Any CPU.Build.0 = Release|Any CPU
		{CFF6BFE1-128A-4A0B-A338-2049F0ADF1B4}.Release|ARM.ActiveCfg = Release|Any CPU
		{CFF6BFE1-128A-4A0B-A338-2049F0ADF1B4}.Release|ARM.Build.0 = Release|Any CPU
		{CFF6BFE1-128A-4A0B-A338-2049F0ADF1B4}.Release|x64.ActiveCfg = Release|Any CPU
		{CFF6BFE1-128A-4A0B-A338-2049F0ADF1B4}.Release|x64.Build.0 = Release|Any CPU
		{CFF6BFE1-128A-4A0B-A338-2049F0ADF1B4}.Release|x86.ActiveCfg = Release|Any CPU
		{CFF6BFE1-128A-4A0B-A338-2049F0ADF1B4}.Release|x86.Build.0 = Release|Any CPU
	EndGlobalSection
	GlobalSection(SolutionProperties) = preSolution
		HideSolutionNode = FALSE
	EndGlobalSection
	GlobalSection(NestedProjects) = preSolution
		{02B1A2DF-2DCA-4D36-B954-30A49B13B5FA} = {FD239DBC-A596-47FD-8673-923FAC542D10}
		{41BAB4C7-D8E1-4F52-AB50-675FCC005A4F} = {FD239DBC-A596-47FD-8673-923FAC542D10}
		{EE7E2D99-478B-4782-AA6B-5BEFD566D925} = {E5CF6345-0588-4FFE-924E-A467B699610C}
		{2B17D6D4-0AED-4C15-B2C5-EA52DA68CE9A} = {E5CF6345-0588-4FFE-924E-A467B699610C}
		{F3B6F041-4B22-44F0-8F81-99E5D892A1F3} = {85F6EA82-BD7C-4C15-9F84-AEAA903F5FC5}
		{34964BAA-01E8-487A-8BC4-98D98BB99D08} = {50B317D8-982E-4FD4-B498-1A9B62804D49}
		{FECD6728-6915-4A47-899E-E14DEA8079BE} = {50B317D8-982E-4FD4-B498-1A9B62804D49}
		{A57AF92E-0B72-40D7-880E-4F282FDD602F} = {D4118334-4F5E-46DE-BF33-6BC7CF76FF58}
		{92921C29-D52D-463A-BF48-9BC59007A129} = {D4118334-4F5E-46DE-BF33-6BC7CF76FF58}
		{A4D2B9CD-CECA-408D-B56D-1AE6CD5D9AAA} = {CA8D6942-095D-4C84-AC72-6D2F49FA429A}
		{CFF6BFE1-128A-4A0B-A338-2049F0ADF1B4} = {CA8D6942-095D-4C84-AC72-6D2F49FA429A}
	EndGlobalSection
	GlobalSection(ExtensibilityGlobals) = postSolution
		SolutionGuid = {94EF2E00-0A87-41FB-A1CA-B93C96B09E9B}
	EndGlobalSection
EndGlobal
